[[package]]
name = "asgiref"
version = "3.5.2"
description = "ASGI specs, helper code, and adapters"
category = "main"
optional = false
python-versions = ">=3.7"

[package.extras]
tests = ["pytest", "pytest-asyncio", "mypy (>=0.800)"]

[[package]]
name = "backports.zoneinfo"
version = "0.2.1"
description = "Backport of the standard library zoneinfo module"
category = "main"
optional = false
python-versions = ">=3.6"

[package.extras]
tzdata = ["tzdata"]

[[package]]
name = "black"
version = "22.10.0"
description = "The uncompromising code formatter."
category = "main"
optional = false
python-versions = ">=3.7"

[package.dependencies]
click = ">=8.0.0"
mypy-extensions = ">=0.4.3"
pathspec = ">=0.9.0"
platformdirs = ">=2"
tomli = {version = ">=1.1.0", markers = "python_full_version < \"3.11.0a7\""}
typing-extensions = {version = ">=3.10.0.0", markers = "python_version < \"3.10\""}

[package.extras]
colorama = ["colorama (>=0.4.3)"]
d = ["aiohttp (>=3.7.4)"]
jupyter = ["ipython (>=7.8.0)", "tokenize-rt (>=3.2.0)"]
uvloop = ["uvloop (>=0.15.2)"]

[[package]]
name = "cffi"
version = "1.15.1"
description = "Foreign Function Interface for Python calling C code."
category = "main"
optional = false
python-versions = "*"

[package.dependencies]
pycparser = "*"

[[package]]
name = "charset-normalizer"
version = "2.1.1"
description = "The Real First Universal Charset Detector. Open, modern and actively maintained alternative to Chardet."
category = "main"
optional = false
python-versions = ">=3.6.0"

[package.extras]
unicode_backport = ["unicodedata2"]

[[package]]
name = "cint"
version = "1.0.0"
description = "cint - make ctypes great again"
category = "main"
optional = false
python-versions = ">=2.7,!=3.0.*,!=3.1.*,!=3.2.*,!=3.3.*"

[[package]]
name = "click"
version = "8.1.3"
description = "Composable command line interface toolkit"
category = "main"
optional = false
python-versions = ">=3.7"

[package.dependencies]
colorama = {version = "*", markers = "platform_system == \"Windows\""}

[[package]]
name = "colorama"
version = "0.4.5"
description = "Cross-platform colored terminal text."
category = "main"
optional = false
python-versions = ">=2.7, !=3.0.*, !=3.1.*, !=3.2.*, !=3.3.*, !=3.4.*"

[[package]]
name = "commonmark"
version = "0.9.1"
description = "Python parser for the CommonMark Markdown spec"
category = "main"
optional = false
python-versions = "*"

[package.extras]
test = ["hypothesis (==3.55.3)", "flake8 (==3.7.8)"]

[[package]]
name = "cryptography"
version = "38.0.2"
description = "cryptography is a package which provides cryptographic recipes and primitives to Python developers."
category = "main"
optional = false
python-versions = ">=3.6"

[package.dependencies]
cffi = ">=1.12"

[package.extras]
docs = ["sphinx (>=1.6.5,!=1.8.0,!=3.1.0,!=3.1.1)", "sphinx-rtd-theme"]
docstest = ["pyenchant (>=1.6.11)", "twine (>=1.12.0)", "sphinxcontrib-spelling (>=4.0.1)"]
pep8test = ["black", "flake8", "flake8-import-order", "pep8-naming"]
sdist = ["setuptools-rust (>=0.11.4)"]
ssh = ["bcrypt (>=3.1.5)"]
test = ["pytest (>=6.2.0)", "pytest-benchmark", "pytest-cov", "pytest-subtests", "pytest-xdist", "pretend", "iso8601", "pytz", "hypothesis (>=1.11.4,!=3.79.2)"]

[[package]]
name = "django"
version = "4.1.2"
description = "A high-level Python web framework that encourages rapid development and clean, pragmatic design."
category = "main"
optional = false
python-versions = ">=3.8"

[package.dependencies]
asgiref = ">=3.5.2,<4"
"backports.zoneinfo" = {version = "*", markers = "python_version < \"3.9\""}
sqlparse = ">=0.2.2"
tzdata = {version = "*", markers = "sys_platform == \"win32\""}

[package.extras]
argon2 = ["argon2-cffi (>=19.1.0)"]
bcrypt = ["bcrypt"]

[[package]]
name = "django-extensions"
version = "3.2.1"
description = "Extensions for Django"
category = "main"
optional = false
python-versions = ">=3.6"

[package.dependencies]
Django = ">=3.2"

[[package]]
name = "django-model-utils"
version = "4.2.0"
description = "Django model mixins and utilities"
category = "main"
optional = false
python-versions = "*"

[package.dependencies]
Django = ">=2.0.1"

[[package]]
name = "graphviz"
version = "0.20.1"
description = "Simple Python interface for Graphviz"
category = "main"
optional = false
python-versions = ">=3.7"

[package.extras]
dev = ["tox (>=3)", "flake8", "pep8-naming", "wheel", "twine"]
docs = ["sphinx (>=5)", "sphinx-autodoc-typehints", "sphinx-rtd-theme"]
test = ["pytest (>=7)", "pytest-mock (>=3)", "mock (>=4)", "pytest-cov", "coverage"]

[[package]]
name = "intervaltree"
version = "3.1.0"
description = "Editable interval tree data structure for Python 2 and 3"
category = "main"
optional = false
python-versions = "*"

[package.dependencies]
sortedcontainers = ">=2.0,<3.0"

[[package]]
name = "jinja2"
version = "3.1.2"
description = "A very fast and expressive template engine."
category = "main"
optional = false
python-versions = ">=3.7"

[package.dependencies]
MarkupSafe = ">=2.0"

[package.extras]
i18n = ["Babel (>=2.7)"]

[[package]]
name = "kaitaistruct"
version = "0.10"
description = "Kaitai Struct declarative parser generator for binary data: runtime library for Python"
category = "main"
optional = false
python-versions = "!=3.0.*,!=3.1.*,!=3.2.*,!=3.3.*,>=2.7"

[[package]]
name = "loguru"
version = "0.6.0"
description = "Python logging made (stupidly) simple"
category = "main"
optional = false
python-versions = ">=3.5"

[package.dependencies]
colorama = {version = ">=0.3.4", markers = "sys_platform == \"win32\""}
win32-setctime = {version = ">=1.0.0", markers = "sys_platform == \"win32\""}

[package.extras]
dev = ["sphinx-rtd-theme (>=0.4.3)", "sphinx-autobuild (>=0.7.1)", "Sphinx (>=4.1.1)", "isort (>=5.1.1)", "black (>=19.10b0)", "pytest-cov (>=2.7.1)", "pytest (>=4.6.2)", "tox (>=3.9.0)", "flake8 (>=3.7.7)", "docutils (==0.16)", "colorama (>=0.3.4)"]

[[package]]
name = "markupsafe"
version = "2.1.1"
description = "Safely add untrusted strings to HTML/XML markup."
category = "main"
optional = false
python-versions = ">=3.7"

[[package]]
name = "mypy-extensions"
version = "0.4.3"
description = "Experimental type system extensions for programs checked with the mypy typechecker."
category = "main"
optional = false
python-versions = "*"

[[package]]
name = "networkx"
version = "2.8.7"
description = "Python package for creating and manipulating graphs and networks"
category = "main"
optional = false
python-versions = ">=3.8"

[package.extras]
default = ["numpy (>=1.19)", "scipy (>=1.8)", "matplotlib (>=3.4)", "pandas (>=1.3)"]
developer = ["pre-commit (>=2.20)", "mypy (>=0.981)"]
doc = ["sphinx (>=5)", "pydata-sphinx-theme (>=0.9)", "sphinx-gallery (>=0.10)", "numpydoc (>=1.4)", "pillow (>=9.1)", "nb2plots (>=0.6)", "texext (>=0.6.6)"]
extra = ["lxml (>=4.6)", "pygraphviz (>=1.9)", "pydot (>=1.4.2)", "sympy (>=1.10)"]
test = ["pytest (>=7.1)", "pytest-cov (>=3.0)", "codecov (>=2.1)"]

[[package]]
name = "pathspec"
version = "0.10.1"
description = "Utility library for gitignore style pattern matching of file paths."
category = "main"
optional = false
python-versions = ">=3.7"

[[package]]
name = "pdfminer.six"
version = "20220524"
description = "PDF parser and analyzer"
category = "main"
optional = false
python-versions = ">=3.6"

[package.dependencies]
charset-normalizer = ">=2.0.0"
cryptography = ">=36.0.0"

[package.extras]
dev = ["black", "mypy (==0.931)", "nox", "pytest"]
docs = ["sphinx", "sphinx-argparse"]
image = ["pillow"]

[[package]]
name = "pillow"
version = "9.2.0"
description = "Python Imaging Library (Fork)"
category = "main"
optional = false
python-versions = ">=3.7"

[package.extras]
docs = ["furo", "olefile", "sphinx (>=2.4)", "sphinx-copybutton", "sphinx-issues (>=3.0.1)", "sphinx-removed-in", "sphinxext-opengraph"]
tests = ["check-manifest", "coverage", "defusedxml", "markdown2", "olefile", "packaging", "pyroma", "pytest", "pytest-cov", "pytest-timeout"]

[[package]]
name = "platformdirs"
version = "2.5.2"
description = "A small Python module for determining appropriate platform-specific dirs, e.g. a \"user data dir\"."
category = "main"
optional = false
python-versions = ">=3.7"

[package.extras]
docs = ["furo (>=2021.7.5b38)", "proselint (>=0.10.2)", "sphinx-autodoc-typehints (>=1.12)", "sphinx (>=4)"]
test = ["appdirs (==1.4.4)", "pytest-cov (>=2.7)", "pytest-mock (>=3.6)", "pytest (>=6)"]

[[package]]
name = "polyfile"
version = "0.4.2"
description = "A utility to recursively map the structure of a file."
category = "main"
optional = false
python-versions = ">=3.7"

[package.dependencies]
cint = "*"
graphviz = "*"
intervaltree = "*"
jinja2 = "*"
kaitaistruct = ">=0.7"
networkx = "*"
"pdfminer.six" = "*"
Pillow = ">=5.0.0"
pyreadline3 = {version = "*", markers = "platform_system == \"Windows\""}
pyyaml = ">=3.13"

[package.extras]
demangle = ["cxxfilt"]
dev = ["mypy", "pytest", "flake8"]

[[package]]
name = "pycparser"
version = "2.21"
description = "C parser in Python"
category = "main"
optional = false
python-versions = ">=2.7, !=3.0.*, !=3.1.*, !=3.2.*, !=3.3.*"

[[package]]
name = "pygments"
version = "2.13.0"
description = "Pygments is a syntax highlighting package written in Python."
category = "main"
optional = false
python-versions = ">=3.6"

[package.extras]
plugins = ["importlib-metadata"]

[[package]]
name = "pyreadline3"
version = "3.4.1"
description = "A python implementation of GNU readline."
category = "main"
optional = false
python-versions = "*"

[[package]]
name = "pyyaml"
version = "6.0"
description = "YAML parser and emitter for Python"
category = "main"
optional = false
python-versions = ">=3.6"

[[package]]
name = "rich"
version = "12.6.0"
description = "Render rich text, tables, progress bars, syntax highlighting, markdown and more to the terminal"
category = "main"
optional = false
python-versions = ">=3.6.3,<4.0.0"

[package.dependencies]
commonmark = ">=0.9.0,<0.10.0"
pygments = ">=2.6.0,<3.0.0"
typing-extensions = {version = ">=4.0.0,<5.0", markers = "python_version < \"3.9\""}

[package.extras]
jupyter = ["ipywidgets (>=7.5.1,<8.0.0)"]

[[package]]
name = "sortedcontainers"
version = "2.4.0"
description = "Sorted Containers -- Sorted List, Sorted Dict, Sorted Set"
category = "main"
optional = false
python-versions = "*"

[[package]]
name = "sqlparse"
version = "0.4.3"
description = "A non-validating SQL parser."
category = "main"
optional = false
python-versions = ">=3.5"

[[package]]
name = "tomli"
version = "2.0.1"
description = "A lil' TOML parser"
category = "main"
optional = false
python-versions = ">=3.7"

[[package]]
name = "typing-extensions"
version = "4.4.0"
description = "Backported and Experimental Type Hints for Python 3.7+"
category = "main"
optional = false
python-versions = ">=3.7"

[[package]]
name = "tzdata"
version = "2022.5"
description = "Provider of IANA time zone data"
category = "main"
optional = false
python-versions = ">=2"

[[package]]
name = "win32-setctime"
version = "1.1.0"
description = "A small Python utility to set file creation time on Windows"
category = "main"
optional = false
python-versions = ">=3.5"

[package.extras]
dev = ["black (>=19.3b0)", "pytest (>=4.6.2)"]

[metadata]
lock-version = "1.1"
python-versions = "^3.8"
content-hash = "10a7bb453679e7c087e3ae85fd75c57c58717767cd2c01861762ae796062cc1a"

[metadata.files]
asgiref = []
"backports.zoneinfo" = []
black = []
cffi = []
charset-normalizer = []
cint = [
    {file = "cint-1.0.0-py3-none-any.whl", hash = "sha256:8aa33028e04015711c0305f918cb278f1dc8c5c9997acdc45efad2c7cb1abf50"},
    {file = "cint-1.0.0.tar.gz", hash = "sha256:66f026d28c46ef9ea9635be5cb342506c6a1af80d11cb1c881a8898ca429fc91"},
]
click = []
colorama = []
commonmark = []
cryptography = []
django = []
django-extensions = []
django-model-utils = []
graphviz = []
intervaltree = []
jinja2 = []
kaitaistruct = []
loguru = []
markupsafe = []
mypy-extensions = []
networkx = []
pathspec = []
"pdfminer.six" = [
    {file = "pdfminer.six-20220524-py3-none-any.whl", hash = "sha256:7e19b857ec76bcbd35665909ad8965a481ad48d9bdff6c45f8522ee66f8a7aab"},
    {file = "pdfminer.six-20220524.tar.gz", hash = "sha256:5a64c924410ac48501d6060b21638bf401db69f5b1bd57207df7fbc070ac8ae2"},
]
pillow = []
platformdirs = []
polyfile = [
    {file = "polyfile-0.4.2-py3-none-any.whl", hash = "sha256:fca2992654f8e9a940827f5c55470d2c5546e87d3e4032d08105b5a87be5e83c"},
    {file = "polyfile-0.4.2.tar.gz", hash = "sha256:bade423a1c8585b74d510237c5caef39c179e701669c12593739a1442d39f71e"},
]
pycparser = []
pygments = []
pyreadline3 = []
pyyaml = []
rich = []
sortedcontainers = []
sqlparse = []
tomli = []
typing-extensions = []
tzdata = []
win32-setctime = []
